
Microsoft Visual Studio Solution File, Format Version 12.00
Project("{FAE04EC0-301F-11D3-BF4B-00C04F79EFBC}") = "SecretsSharing.WebApi", "SecretsSharing.WebApi\SecretsSharing.WebApi.csproj", "{BCC25866-221A-41B1-B687-8D554F494EEE}"
EndProject
Project("{FAE04EC0-301F-11D3-BF4B-00C04F79EFBC}") = "SecretsSharing.Domain", "SecretsSharing.Domain\SecretsSharing.Domain.csproj", "{EEF8AEF1-2DF2-4F6F-96C8-24EB4A67385F}"
EndProject
Project("{FAE04EC0-301F-11D3-BF4B-00C04F79EFBC}") = "SecretsSharing.Application", "SecretsSharing.Application\SecretsSharing.Application.csproj", "{1340259F-54AB-431A-A704-7DDA9A2FC16D}"
EndProject
Project("{FAE04EC0-301F-11D3-BF4B-00C04F79EFBC}") = "SecretsSharing.Persistence", "SecretsSharing.Persistence\SecretsSharing.Persistence.csproj", "{39B3F9AE-5A8C-4B9D-A9AF-87482FFA6503}"
EndProject
Global
	GlobalSection(SolutionConfigurationPlatforms) = preSolution
		Debug|Any CPU = Debug|Any CPU
		Release|Any CPU = Release|Any CPU
	EndGlobalSection
	GlobalSection(ProjectConfigurationPlatforms) = postSolution
		{BCC25866-221A-41B1-B687-8D554F494EEE}.Debug|Any CPU.ActiveCfg = Debug|Any CPU
		{BCC25866-221A-41B1-B687-8D554F494EEE}.Debug|Any CPU.Build.0 = Debug|Any CPU
		{BCC25866-221A-41B1-B687-8D554F494EEE}.Release|Any CPU.ActiveCfg = Release|Any CPU
		{BCC25866-221A-41B1-B687-8D554F494EEE}.Release|Any CPU.Build.0 = Release|Any CPU
		{EEF8AEF1-2DF2-4F6F-96C8-24EB4A67385F}.Debug|Any CPU.ActiveCfg = Debug|Any CPU
		{EEF8AEF1-2DF2-4F6F-96C8-24EB4A67385F}.Debug|Any CPU.Build.0 = Debug|Any CPU
		{EEF8AEF1-2DF2-4F6F-96C8-24EB4A67385F}.Release|Any CPU.ActiveCfg = Release|Any CPU
		{EEF8AEF1-2DF2-4F6F-96C8-24EB4A67385F}.Release|Any CPU.Build.0 = Release|Any CPU
		{1340259F-54AB-431A-A704-7DDA9A2FC16D}.Debug|Any CPU.ActiveCfg = Debug|Any CPU
		{1340259F-54AB-431A-A704-7DDA9A2FC16D}.Debug|Any CPU.Build.0 = Debug|Any CPU
		{1340259F-54AB-431A-A704-7DDA9A2FC16D}.Release|Any CPU.ActiveCfg = Release|Any CPU
		{1340259F-54AB-431A-A704-7DDA9A2FC16D}.Release|Any CPU.Build.0 = Release|Any CPU
		{39B3F9AE-5A8C-4B9D-A9AF-87482FFA6503}.Debug|Any CPU.ActiveCfg = Debug|Any CPU
		{39B3F9AE-5A8C-4B9D-A9AF-87482FFA6503}.Debug|Any CPU.Build.0 = Debug|Any CPU
		{39B3F9AE-5A8C-4B9D-A9AF-87482FFA6503}.Release|Any CPU.ActiveCfg = Release|Any CPU
		{39B3F9AE-5A8C-4B9D-A9AF-87482FFA6503}.Release|Any CPU.Build.0 = Release|Any CPU
	EndGlobalSection
EndGlobal
